
Microsoft Visual Studio Solution File, Format Version 12.00
# Visual Studio Version 16
VisualStudioVersion = 16.0.33920.266
MinimumVisualStudioVersion = 10.0.40219.1
Project("{FAE04EC0-301F-11D3-BF4B-00C04F79EFBC}") = "GitHub", "GitHub\GitHub.csproj", "{00E5A0C9-B7C8-4F82-859C-26C542A82DF7}"
EndProject
Global
	GlobalSection(SolutionConfigurationPlatforms) = preSolution
		Debug|Any CPU = Debug|Any CPU
		Release|Any CPU = Release|Any CPU
	EndGlobalSection
	GlobalSection(ProjectConfigurationPlatforms) = postSolution
		{00E5A0C9-B7C8-4F82-859C-26C542A82DF7}.Debug|Any CPU.ActiveCfg = Debug|Any CPU
		{00E5A0C9-B7C8-4F82-859C-26C542A82DF7}.Debug|Any CPU.Build.0 = Debug|Any CPU
		{00E5A0C9-B7C8-4F82-859C-26C542A82DF7}.Release|Any CPU.ActiveCfg = Release|Any CPU
		{00E5A0C9-B7C8-4F82-859C-26C542A82DF7}.Release|Any CPU.Build.0 = Release|Any CPU
	EndGlobalSection
	GlobalSection(SolutionProperties) = preSolution
		HideSolutionNode = FALSE
	EndGlobalSection
	GlobalSection(ExtensibilityGlobals) = postSolution
		SolutionGuid = {B314438A-BAD3-4BD1-B447-3CAC1D9257DE}
	EndGlobalSection
EndGlobal
